
Microsoft Visual Studio Solution File, Format Version 12.00
# Visual Studio Version 16
VisualStudioVersion = 16.0.29306.81
MinimumVisualStudioVersion = 10.0.40219.1
Project("{FAE04EC0-301F-11D3-BF4B-00C04F79EFBC}") = "11lab", "11lab.csproj", "{379E8BD3-9D8A-4CCF-A2A1-0C4190E121D6}"
EndProject
Global
	GlobalSection(SolutionConfigurationPlatforms) = preSolution
		Debug|Any CPU = Debug|Any CPU
		Release|Any CPU = Release|Any CPU
	EndGlobalSection
	GlobalSection(ProjectConfigurationPlatforms) = postSolution
		{379E8BD3-9D8A-4CCF-A2A1-0C4190E121D6}.Debug|Any CPU.ActiveCfg = Debug|Any CPU
		{379E8BD3-9D8A-4CCF-A2A1-0C4190E121D6}.Debug|Any CPU.Build.0 = Debug|Any CPU
		{379E8BD3-9D8A-4CCF-A2A1-0C4190E121D6}.Release|Any CPU.ActiveCfg = Release|Any CPU
		{379E8BD3-9D8A-4CCF-A2A1-0C4190E121D6}.Release|Any CPU.Build.0 = Release|Any CPU
	EndGlobalSection
	GlobalSection(SolutionProperties) = preSolution
		HideSolutionNode = FALSE
	EndGlobalSection
	GlobalSection(ExtensibilityGlobals) = postSolution
		SolutionGuid = {7387B533-C8EE-494B-A966-D1883E9841F6}
	EndGlobalSection
EndGlobal
