
Microsoft Visual Studio Solution File, Format Version 12.00
# Visual Studio Version 16
VisualStudioVersion = 16.0.29306.81
MinimumVisualStudioVersion = 10.0.40219.1
Project("{FAE04EC0-301F-11D3-BF4B-00C04F79EFBC}") = "6lab", "6lab.csproj", "{53211748-897B-4AEF-8C16-5BBDC4F7C136}"
EndProject
Global
	GlobalSection(SolutionConfigurationPlatforms) = preSolution
		Debug|Any CPU = Debug|Any CPU
		Release|Any CPU = Release|Any CPU
	EndGlobalSection
	GlobalSection(ProjectConfigurationPlatforms) = postSolution
		{53211748-897B-4AEF-8C16-5BBDC4F7C136}.Debug|Any CPU.ActiveCfg = Debug|Any CPU
		{53211748-897B-4AEF-8C16-5BBDC4F7C136}.Debug|Any CPU.Build.0 = Debug|Any CPU
		{53211748-897B-4AEF-8C16-5BBDC4F7C136}.Release|Any CPU.ActiveCfg = Release|Any CPU
		{53211748-897B-4AEF-8C16-5BBDC4F7C136}.Release|Any CPU.Build.0 = Release|Any CPU
	EndGlobalSection
	GlobalSection(SolutionProperties) = preSolution
		HideSolutionNode = FALSE
	EndGlobalSection
	GlobalSection(ExtensibilityGlobals) = postSolution
		SolutionGuid = {0B9ED8D6-E010-4D2C-8CC1-298258AC7C89}
	EndGlobalSection
EndGlobal
